
Microsoft Visual Studio Solution File, Format Version 12.00
# Visual Studio 15
Project("{FAE04EC0-301F-11D3-BF4B-00C04F79EFBC}") = "TravelExpenses", "TravelExpenses.csproj", "{432B70CF-256A-4D35-919C-A5213F117CB9}"
EndProject
Global
	GlobalSection(SolutionConfigurationPlatforms) = preSolution
		Debug|Any CPU = Debug|Any CPU
		Release|Any CPU = Release|Any CPU
	EndGlobalSection
	GlobalSection(ProjectConfigurationPlatforms) = postSolution
		{432B70CF-256A-4D35-919C-A5213F117CB9}.Debug|Any CPU.ActiveCfg = Debug|Any CPU
		{432B70CF-256A-4D35-919C-A5213F117CB9}.Debug|Any CPU.Build.0 = Debug|Any CPU
		{432B70CF-256A-4D35-919C-A5213F117CB9}.Release|Any CPU.ActiveCfg = Release|Any CPU
		{432B70CF-256A-4D35-919C-A5213F117CB9}.Release|Any CPU.Build.0 = Release|Any CPU
	EndGlobalSection
EndGlobal
