Microsoft Visual Studio Solution File, Format Version 12.00
# Visual Studio 15
VisualStudioVersion = 15.0.28307.705
MinimumVisualStudioVersion = 10.0.40219.1
Project("{9A19103F-16F7-4668-BE54-9A1E7A4F7556}") = "TravelExpenses", "TravelExpenses.csproj", "{432B70CF-256A-4D35-919C-A5213F117CB9}"
EndProject
Project("{FAE04EC0-301F-11D3-BF4B-00C04F79EFBC}") = "TravelExpenses.Core", "..\TravelExpenses.Core\TravelExpenses.Core.csproj", "{9347688F-BE9A-47DB-BD28-5B1AE3459514}"
EndProject
Project("{FAE04EC0-301F-11D3-BF4B-00C04F79EFBC}") = "TravelExpenses.Data", "TravelExpenses.Data\TravelExpenses.Data.csproj", "{D52BE6A9-4A2D-49DC-BCBA-FD8BDDD50BD4}"
EndProject
Global
	GlobalSection(SolutionConfigurationPlatforms) = preSolution
		Debug|Any CPU = Debug|Any CPU
		Release|Any CPU = Release|Any CPU
	EndGlobalSection
	GlobalSection(ProjectConfigurationPlatforms) = postSolution
		{432B70CF-256A-4D35-919C-A5213F117CB9}.Debug|Any CPU.ActiveCfg = Debug|Any CPU
		{432B70CF-256A-4D35-919C-A5213F117CB9}.Debug|Any CPU.Build.0 = Debug|Any CPU
		{432B70CF-256A-4D35-919C-A5213F117CB9}.Release|Any CPU.ActiveCfg = Release|Any CPU
		{432B70CF-256A-4D35-919C-A5213F117CB9}.Release|Any CPU.Build.0 = Release|Any CPU
		{9347688F-BE9A-47DB-BD28-5B1AE3459514}.Debug|Any CPU.ActiveCfg = Debug|Any CPU
		{9347688F-BE9A-47DB-BD28-5B1AE3459514}.Debug|Any CPU.Build.0 = Debug|Any CPU
		{9347688F-BE9A-47DB-BD28-5B1AE3459514}.Release|Any CPU.ActiveCfg = Release|Any CPU
		{9347688F-BE9A-47DB-BD28-5B1AE3459514}.Release|Any CPU.Build.0 = Release|Any CPU
		{D52BE6A9-4A2D-49DC-BCBA-FD8BDDD50BD4}.Debug|Any CPU.ActiveCfg = Debug|Any CPU
		{D52BE6A9-4A2D-49DC-BCBA-FD8BDDD50BD4}.Debug|Any CPU.Build.0 = Debug|Any CPU
		{D52BE6A9-4A2D-49DC-BCBA-FD8BDDD50BD4}.Release|Any CPU.ActiveCfg = Release|Any CPU
		{D52BE6A9-4A2D-49DC-BCBA-FD8BDDD50BD4}.Release|Any CPU.Build.0 = Release|Any CPU
	EndGlobalSection
	GlobalSection(SolutionProperties) = preSolution
		HideSolutionNode = FALSE
	EndGlobalSection
	GlobalSection(ExtensibilityGlobals) = postSolution
		SolutionGuid = {83C24209-EBFA-47D9-80BE-A5323749EA20}
	EndGlobalSection
EndGlobal
